
Microsoft Visual Studio Solution File, Format Version 12.00
# Visual Studio Version 16
VisualStudioVersion = 16.0.32602.291
MinimumVisualStudioVersion = 10.0.40219.1
Project("{FAE04EC0-301F-11D3-BF4B-00C04F79EFBC}") = "IChannelFactory", "..\IChannelFactory\IChannelFactory.csproj", "{A1E1D86C-6180-4E63-B94C-EE154C73693C}"
EndProject
Project("{FAE04EC0-301F-11D3-BF4B-00C04F79EFBC}") = "Driver", "..\Driver\Driver.csproj", "{73A8FFC1-957E-4CC4-B0A4-EE8115F7B0C9}"
EndProject
Global
	GlobalSection(SolutionConfigurationPlatforms) = preSolution
		Debug|Any CPU = Debug|Any CPU
		Release|Any CPU = Release|Any CPU
	EndGlobalSection
	GlobalSection(ProjectConfigurationPlatforms) = postSolution
		{A1E1D86C-6180-4E63-B94C-EE154C73693C}.Debug|Any CPU.ActiveCfg = Debug|Any CPU
		{A1E1D86C-6180-4E63-B94C-EE154C73693C}.Debug|Any CPU.Build.0 = Debug|Any CPU
		{A1E1D86C-6180-4E63-B94C-EE154C73693C}.Release|Any CPU.ActiveCfg = Release|Any CPU
		{A1E1D86C-6180-4E63-B94C-EE154C73693C}.Release|Any CPU.Build.0 = Release|Any CPU
		{73A8FFC1-957E-4CC4-B0A4-EE8115F7B0C9}.Debug|Any CPU.ActiveCfg = Debug|Any CPU
		{73A8FFC1-957E-4CC4-B0A4-EE8115F7B0C9}.Debug|Any CPU.Build.0 = Debug|Any CPU
		{73A8FFC1-957E-4CC4-B0A4-EE8115F7B0C9}.Release|Any CPU.ActiveCfg = Release|Any CPU
		{73A8FFC1-957E-4CC4-B0A4-EE8115F7B0C9}.Release|Any CPU.Build.0 = Release|Any CPU
	EndGlobalSection
	GlobalSection(SolutionProperties) = preSolution
		HideSolutionNode = FALSE
	EndGlobalSection
	GlobalSection(ExtensibilityGlobals) = postSolution
		SolutionGuid = {E55CB665-B553-4457-8418-E9ED28D6E24B}
	EndGlobalSection
EndGlobal
